
Microsoft Visual Studio Solution File, Format Version 12.00
# Visual Studio Version 17
VisualStudioVersion = 17.9.34728.123
MinimumVisualStudioVersion = 10.0.40219.1
Project("{9A19103F-16F7-4668-BE54-9A1E7A4F7556}") = "ApiPiex", "ApiPiex\ApiPiex.csproj", "{912A726A-B3A4-497D-97B0-167AEC6F0F57}"
EndProject
Project("{9A19103F-16F7-4668-BE54-9A1E7A4F7556}") = "ApiPiex.Infra", "Infra\ApiPiex.Infra.csproj", "{64752DC0-DF90-4853-9644-1F4058254A61}"
EndProject
Project("{9A19103F-16F7-4668-BE54-9A1E7A4F7556}") = "ApiPiex.Application", "Application\ApiPiex.Application.csproj", "{A8FD422A-E05F-4FB2-BFD5-61BA28BC325B}"
EndProject
Project("{9A19103F-16F7-4668-BE54-9A1E7A4F7556}") = "ApiPiex.Communication", "Communication\ApiPiex.Communication.csproj", "{FA4C37EE-B4F2-45E5-A488-E79ADC1141D8}"
EndProject
Project("{FAE04EC0-301F-11D3-BF4B-00C04F79EFBC}") = "ApiPiex.Exception", "ApiPiex.Exception\ApiPiex.Exception.csproj", "{8467E4C2-8915-4FEC-8616-9932F48DA3BD}"
EndProject
Global
	GlobalSection(SolutionConfigurationPlatforms) = preSolution
		Debug|Any CPU = Debug|Any CPU
		Release|Any CPU = Release|Any CPU
	EndGlobalSection
	GlobalSection(ProjectConfigurationPlatforms) = postSolution
		{912A726A-B3A4-497D-97B0-167AEC6F0F57}.Debug|Any CPU.ActiveCfg = Debug|Any CPU
		{912A726A-B3A4-497D-97B0-167AEC6F0F57}.Debug|Any CPU.Build.0 = Debug|Any CPU
		{912A726A-B3A4-497D-97B0-167AEC6F0F57}.Release|Any CPU.ActiveCfg = Release|Any CPU
		{912A726A-B3A4-497D-97B0-167AEC6F0F57}.Release|Any CPU.Build.0 = Release|Any CPU
		{64752DC0-DF90-4853-9644-1F4058254A61}.Debug|Any CPU.ActiveCfg = Debug|Any CPU
		{64752DC0-DF90-4853-9644-1F4058254A61}.Debug|Any CPU.Build.0 = Debug|Any CPU
		{64752DC0-DF90-4853-9644-1F4058254A61}.Release|Any CPU.ActiveCfg = Release|Any CPU
		{64752DC0-DF90-4853-9644-1F4058254A61}.Release|Any CPU.Build.0 = Release|Any CPU
		{A8FD422A-E05F-4FB2-BFD5-61BA28BC325B}.Debug|Any CPU.ActiveCfg = Debug|Any CPU
		{A8FD422A-E05F-4FB2-BFD5-61BA28BC325B}.Debug|Any CPU.Build.0 = Debug|Any CPU
		{A8FD422A-E05F-4FB2-BFD5-61BA28BC325B}.Release|Any CPU.ActiveCfg = Release|Any CPU
		{A8FD422A-E05F-4FB2-BFD5-61BA28BC325B}.Release|Any CPU.Build.0 = Release|Any CPU
		{FA4C37EE-B4F2-45E5-A488-E79ADC1141D8}.Debug|Any CPU.ActiveCfg = Debug|Any CPU
		{FA4C37EE-B4F2-45E5-A488-E79ADC1141D8}.Debug|Any CPU.Build.0 = Debug|Any CPU
		{FA4C37EE-B4F2-45E5-A488-E79ADC1141D8}.Release|Any CPU.ActiveCfg = Release|Any CPU
		{FA4C37EE-B4F2-45E5-A488-E79ADC1141D8}.Release|Any CPU.Build.0 = Release|Any CPU
		{8467E4C2-8915-4FEC-8616-9932F48DA3BD}.Debug|Any CPU.ActiveCfg = Debug|Any CPU
		{8467E4C2-8915-4FEC-8616-9932F48DA3BD}.Debug|Any CPU.Build.0 = Debug|Any CPU
		{8467E4C2-8915-4FEC-8616-9932F48DA3BD}.Release|Any CPU.ActiveCfg = Release|Any CPU
		{8467E4C2-8915-4FEC-8616-9932F48DA3BD}.Release|Any CPU.Build.0 = Release|Any CPU
	EndGlobalSection
	GlobalSection(SolutionProperties) = preSolution
		HideSolutionNode = FALSE
	EndGlobalSection
	GlobalSection(ExtensibilityGlobals) = postSolution
		SolutionGuid = {E7BBF3C4-9C4C-4A10-8093-CEA135D76A03}
	EndGlobalSection
EndGlobal
